
Microsoft Visual Studio Solution File, Format Version 12.00
# Visual Studio Version 16
VisualStudioVersion = 16.0.28803.156
MinimumVisualStudioVersion = 10.0.40219.1
Project("{FAE04EC0-301F-11D3-BF4B-00C04F79EFBC}") = "Neo4JTest", "Neo4JTest\Neo4JTest.csproj", "{74BC2C4C-7516-4B7B-8EC4-24FADEF991D6}"
EndProject
Global
	GlobalSection(SolutionConfigurationPlatforms) = preSolution
		Debug|Any CPU = Debug|Any CPU
		Release|Any CPU = Release|Any CPU
	EndGlobalSection
	GlobalSection(ProjectConfigurationPlatforms) = postSolution
		{74BC2C4C-7516-4B7B-8EC4-24FADEF991D6}.Debug|Any CPU.ActiveCfg = Debug|Any CPU
		{74BC2C4C-7516-4B7B-8EC4-24FADEF991D6}.Debug|Any CPU.Build.0 = Debug|Any CPU
		{74BC2C4C-7516-4B7B-8EC4-24FADEF991D6}.Release|Any CPU.ActiveCfg = Release|Any CPU
		{74BC2C4C-7516-4B7B-8EC4-24FADEF991D6}.Release|Any CPU.Build.0 = Release|Any CPU
	EndGlobalSection
	GlobalSection(SolutionProperties) = preSolution
		HideSolutionNode = FALSE
	EndGlobalSection
	GlobalSection(ExtensibilityGlobals) = postSolution
		SolutionGuid = {29C51EA6-64CE-4402-A19B-26C104ACC226}
	EndGlobalSection
EndGlobal
